
Microsoft Visual Studio Solution File, Format Version 12.00
# Visual Studio Version 16
VisualStudioVersion = 16.0.30711.63
MinimumVisualStudioVersion = 10.0.40219.1
Project("{FAE04EC0-301F-11D3-BF4B-00C04F79EFBC}") = "JogoGourmet", "JogoGourmet\JogoGourmet.csproj", "{0A078523-3C44-4E67-B66B-64F92A000BD9}"
EndProject
Global
	GlobalSection(SolutionConfigurationPlatforms) = preSolution
		Debug|Any CPU = Debug|Any CPU
		Release|Any CPU = Release|Any CPU
	EndGlobalSection
	GlobalSection(ProjectConfigurationPlatforms) = postSolution
		{0A078523-3C44-4E67-B66B-64F92A000BD9}.Debug|Any CPU.ActiveCfg = Debug|Any CPU
		{0A078523-3C44-4E67-B66B-64F92A000BD9}.Debug|Any CPU.Build.0 = Debug|Any CPU
		{0A078523-3C44-4E67-B66B-64F92A000BD9}.Release|Any CPU.ActiveCfg = Release|Any CPU
		{0A078523-3C44-4E67-B66B-64F92A000BD9}.Release|Any CPU.Build.0 = Release|Any CPU
	EndGlobalSection
	GlobalSection(SolutionProperties) = preSolution
		HideSolutionNode = FALSE
	EndGlobalSection
	GlobalSection(ExtensibilityGlobals) = postSolution
		SolutionGuid = {FA8310A4-321A-4640-B5A4-05FC25AE41F5}
	EndGlobalSection
EndGlobal
